// !$*UTF8*$!
{
	archiveVersion = 1;
	classes = {
	};
	objectVersion = 46;
	objects = {

/* Begin PBXBuildFile section */
		469613B516EC93F6000C9435 /* UIKit.framework in Frameworks */ = {isa = PBXBuildFile; fileRef = 469613B416EC93F6000C9435 /* UIKit.framework */; };
		469613B716EC93F6000C9435 /* Foundation.framework in Frameworks */ = {isa = PBXBuildFile; fileRef = 469613B616EC93F6000C9435 /* Foundation.framework */; };
		469613B916EC93F6000C9435 /* CoreGraphics.framework in Frameworks */ = {isa = PBXBuildFile; fileRef = 469613B816EC93F6000C9435 /* CoreGraphics.framework */; };
		469613BF16EC93F6000C9435 /* InfoPlist.strings in Resources */ = {isa = PBXBuildFile; fileRef = 469613BD16EC93F6000C9435 /* InfoPlist.strings */; };
		469613C116EC93F6000C9435 /* main.m in Sources */ = {isa = PBXBuildFile; fileRef = 469613C016EC93F6000C9435 /* main.m */; };
		469613C516EC93F6000C9435 /* AppDelegate.m in Sources */ = {isa = PBXBuildFile; fileRef = 469613C416EC93F6000C9435 /* AppDelegate.m */; };
		469613C716EC93F6000C9435 /* Default.png in Resources */ = {isa = PBXBuildFile; fileRef = 469613C616EC93F6000C9435 /* Default.png */; };
		469613C916EC93F6000C9435 /* Default@2x.png in Resources */ = {isa = PBXBuildFile; fileRef = 469613C816EC93F6000C9435 /* Default@2x.png */; };
		469613CB16EC93F6000C9435 /* Default-568h@2x.png in Resources */ = {isa = PBXBuildFile; fileRef = 469613CA16EC93F6000C9435 /* Default-568h@2x.png */; };
		469613CE16EC93F6000C9435 /* MasterViewController.m in Sources */ = {isa = PBXBuildFile; fileRef = 469613CD16EC93F6000C9435 /* MasterViewController.m */; };
		469613D116EC93F6000C9435 /* DetailViewController.m in Sources */ = {isa = PBXBuildFile; fileRef = 469613D016EC93F6000C9435 /* DetailViewController.m */; };
		469613D416EC93F6000C9435 /* MasterViewController.xib in Resources */ = {isa = PBXBuildFile; fileRef = 469613D216EC93F6000C9435 /* MasterViewController.xib */; };
		469613D716EC93F6000C9435 /* DetailViewController.xib in Resources */ = {isa = PBXBuildFile; fileRef = 469613D516EC93F6000C9435 /* DetailViewController.xib */; };
/* End PBXBuildFile section */

/* Begin PBXFileReference section */
		469613B016EC93F6000C9435 /* SplitViewDelmo.app */ = {isa = PBXFileReference; explicitFileType = wrapper.application; includeInIndex = 0; path = SplitViewDelmo.app; sourceTree = BUILT_PRODUCTS_DIR; };
		469613B416EC93F6000C9435 /* UIKit.framework */ = {isa = PBXFileReference; lastKnownFileType = wrapper.framework; name = UIKit.framework; path = System/Library/Frameworks/UIKit.framework; sourceTree = SDKROOT; };
		469613B616EC93F6000C9435 /* Foundation.framework */ = {isa = PBXFileReference; lastKnownFileType = wrapper.framework; name = Foundation.framework; path = System/Library/Frameworks/Foundation.framework; sourceTree = SDKROOT; };
		469613B816EC93F6000C9435 /* CoreGraphics.framework */ = {isa = PBXFileReference; lastKnownFileType = wrapper.framework; name = CoreGraphics.framework; path = System/Library/Frameworks/CoreGraphics.framework; sourceTree = SDKROOT; };
		469613BC16EC93F6000C9435 /* SplitViewDelmo-Info.plist */ = {isa = PBXFileReference; lastKnownFileType = text.plist.xml; path = "SplitViewDelmo-Info.plist"; sourceTree = "<group>"; };
		469613BE16EC93F6000C9435 /* en */ = {isa = PBXFileReference; lastKnownFileType = text.plist.strings; name = en; path = en.lproj/InfoPlist.strings; sourceTree = "<group>"; };
		469613C016EC93F6000C9435 /* main.m */ = {isa = PBXFileReference; lastKnownFileType = sourcecode.c.objc; path = main.m; sourceTree = "<group>"; };
		469613C216EC93F6000C9435 /* SplitViewDelmo-Prefix.pch */ = {isa = PBXFileReference; lastKnownFileType = sourcecode.c.h; path = "SplitViewDelmo-Prefix.pch"; sourceTree = "<group>"; };
		469613C316EC93F6000C9435 /* AppDelegate.h */ = {isa = PBXFileReference; lastKnownFileType = sourcecode.c.h; path = AppDelegate.h; sourceTree = "<group>"; };
		469613C416EC93F6000C9435 /* AppDelegate.m */ = {isa = PBXFileReference; lastKnownFileType = sourcecode.c.objc; path = AppDelegate.m; sourceTree = "<group>"; };
		469613C616EC93F6000C9435 /* Default.png */ = {isa = PBXFileReference; lastKnownFileType = image.png; path = Default.png; sourceTree = "<group>"; };
		469613C816EC93F6000C9435 /* Default@2x.png */ = {isa = PBXFileReference; lastKnownFileType = image.png; path = "Default@2x.png"; sourceTree = "<group>"; };
		469613CA16EC93F6000C9435 /* Default-568h@2x.png */ = {isa = PBXFileReference; lastKnownFileType = image.png; path = "Default-568h@2x.png"; sourceTree = "<group>"; };
		469613CC16EC93F6000C9435 /* MasterViewController.h */ = {isa = PBXFileReference; lastKnownFileType = sourcecode.c.h; path = MasterViewController.h; sourceTree = "<group>"; };
		469613CD16EC93F6000C9435 /* MasterViewController.m */ = {isa = PBXFileReference; lastKnownFileType = sourcecode.c.objc; path = MasterViewController.m; sourceTree = "<group>"; };
		469613CF16EC93F6000C9435 /* DetailViewController.h */ = {isa = PBXFileReference; lastKnownFileType = sourcecode.c.h; path = DetailViewController.h; sourceTree = "<group>"; };
		469613D016EC93F6000C9435 /* DetailViewController.m */ = {isa = PBXFileReference; lastKnownFileType = sourcecode.c.objc; path = DetailViewController.m; sourceTree = "<group>"; };
		469613D316EC93F6000C9435 /* en */ = {isa = PBXFileReference; lastKnownFileType = file.xib; name = en; path = en.lproj/MasterViewController.xib; sourceTree = "<group>"; };
		469613D616EC93F6000C9435 /* en */ = {isa = PBXFileReference; lastKnownFileType = file.xib; name = en; path = en.lproj/DetailViewController.xib; sourceTree = "<group>"; };
/* End PBXFileReference section */

/* Begin PBXFrameworksBuildPhase section */
		469613AD16EC93F5000C9435 /* Frameworks */ = {
			isa = PBXFrameworksBuildPhase;
			buildActionMask = 2147483647;
			files = (
				469613B516EC93F6000C9435 /* UIKit.framework in Frameworks */,
				469613B716EC93F6000C9435 /* Foundation.framework in Frameworks */,
				469613B916EC93F6000C9435 /* CoreGraphics.framework in Frameworks */,
			);
			runOnlyForDeploymentPostprocessing = 0;
		};
/* End PBXFrameworksBuildPhase section */

/* Begin PBXGroup section */
		469613A516EC93F5000C9435 = {
			isa = PBXGroup;
			children = (
				469613BA16EC93F6000C9435 /* SplitViewDelmo */,
				469613B316EC93F6000C9435 /* Frameworks */,
				469613B116EC93F6000C9435 /* Products */,
			);
			sourceTree = "<group>";
		};
		469613B116EC93F6000C9435 /* Products */ = {
			isa = PBXGroup;
			children = (
				469613B016EC93F6000C9435 /* SplitViewDelmo.app */,
			);
			name = Products;
			sourceTree = "<group>";
		};
		469613B316EC93F6000C9435 /* Frameworks */ = {
			isa = PBXGroup;
			children = (
				469613B416EC93F6000C9435 /* UIKit.framework */,
				469613B616EC93F6000C9435 /* Foundation.framework */,
				469613B816EC93F6000C9435 /* CoreGraphics.framework */,
			);
			name = Frameworks;
			sourceTree = "<group>";
		};
		469613BA16EC93F6000C9435 /* SplitViewDelmo */ = {
			isa = PBXGroup;
			children = (
				469613C316EC93F6000C9435 /* AppDelegate.h */,
				469613C416EC93F6000C9435 /* AppDelegate.m */,
				469613CC16EC93F6000C9435 /* MasterViewController.h */,
				469613CD16EC93F6000C9435 /* MasterViewController.m */,
				469613CF16EC93F6000C9435 /* DetailViewController.h */,
				469613D016EC93F6000C9435 /* DetailViewController.m */,
				469613D216EC93F6000C9435 /* MasterViewController.xib */,
				469613D516EC93F6000C9435 /* DetailViewController.xib */,
				469613BB16EC93F6000C9435 /* Supporting Files */,
			);
			path = SplitViewDelmo;
			sourceTree = "<group>";
		};
		469613BB16EC93F6000C9435 /* Supporting Files */ = {
			isa = PBXGroup;
			children = (
				469613BC16EC93F6000C9435 /* SplitViewDelmo-Info.plist */,
				469613BD16EC93F6000C9435 /* InfoPlist.strings */,
				469613C016EC93F6000C9435 /* main.m */,
				469613C216EC93F6000C9435 /* SplitViewDelmo-Prefix.pch */,
				469613C616EC93F6000C9435 /* Default.png */,
				469613C816EC93F6000C9435 /* Default@2x.png */,
				469613CA16EC93F6000C9435 /* Default-568h@2x.png */,
			);
			name = "Supporting Files";
			sourceTree = "<group>";
		};
/* End PBXGroup section */

/* Begin PBXNativeTarget section */
		469613AF16EC93F5000C9435 /* SplitViewDelmo */ = {
			isa = PBXNativeTarget;
			buildConfigurationList = 469613DA16EC93F6000C9435 /* Build configuration list for PBXNativeTarget "SplitViewDelmo" */;
			buildPhases = (
				469613AC16EC93F5000C9435 /* Sources */,
				469613AD16EC93F5000C9435 /* Frameworks */,
				469613AE16EC93F5000C9435 /* Resources */,
			);
			buildRules = (
			);
			dependencies = (
			);
			name = SplitViewDelmo;
			productName = SplitViewDelmo;
			productReference = 469613B016EC93F6000C9435 /* SplitViewDelmo.app */;
			productType = "com.apple.product-type.application";
		};
/* End PBXNativeTarget section */

/* Begin PBXProject section */
		469613A716EC93F5000C9435 /* Project object */ = {
			isa = PBXProject;
			attributes = {
				LastUpgradeCheck = 0450;
				ORGANIZATIONNAME = anchanto;
			};
			buildConfigurationList = 469613AA16EC93F5000C9435 /* Build configuration list for PBXProject "SplitViewDelmo" */;
			compatibilityVersion = "Xcode 3.2";
			developmentRegion = English;
			hasScannedForEncodings = 0;
			knownRegions = (
				en,
			);
			mainGroup = 469613A516EC93F5000C9435;
			productRefGroup = 469613B116EC93F6000C9435 /* Products */;
			projectDirPath = "";
			projectRoot = "";
			targets = (
				469613AF16EC93F5000C9435 /* SplitViewDelmo */,
			);
		};
/* End PBXProject section */

/* Begin PBXResourcesBuildPhase section */
		469613AE16EC93F5000C9435 /* Resources */ = {
			isa = PBXResourcesBuildPhase;
			buildActionMask = 2147483647;
			files = (
				469613BF16EC93F6000C9435 /* InfoPlist.strings in Resources */,
				469613C716EC93F6000C9435 /* Default.png in Resources */,
				469613C916EC93F6000C9435 /* Default@2x.png in Resources */,
				469613CB16EC93F6000C9435 /* Default-568h@2x.png in Resources */,
				469613D416EC93F6000C9435 /* MasterViewController.xib in Resources */,
				469613D716EC93F6000C9435 /* DetailViewController.xib in Resources */,
			);
			runOnlyForDeploymentPostprocessing = 0;
		};
/* End PBXResourcesBuildPhase section */

/* Begin PBXSourcesBuildPhase section */
		469613AC16EC93F5000C9435 /* Sources */ = {
			isa = PBXSourcesBuildPhase;
			buildActionMask = 2147483647;
			files = (
				469613C116EC93F6000C9435 /* main.m in Sources */,
				469613C516EC93F6000C9435 /* AppDelegate.m in Sources */,
				469613CE16EC93F6000C9435 /* MasterViewController.m in Sources */,
				469613D116EC93F6000C9435 /* DetailViewController.m in Sources */,
			);
			runOnlyForDeploymentPostprocessing = 0;
		};
/* End PBXSourcesBuildPhase section */

/* Begin PBXVariantGroup section */
		469613BD16EC93F6000C9435 /* InfoPlist.strings */ = {
			isa = PBXVariantGroup;
			children = (
				469613BE16EC93F6000C9435 /* en */,
			);
			name = InfoPlist.strings;
			sourceTree = "<group>";
		};
		469613D216EC93F6000C9435 /* MasterViewController.xib */ = {
			isa = PBXVariantGroup;
			children = (
				469613D316EC93F6000C9435 /* en */,
			);
			name = MasterViewController.xib;
			sourceTree = "<group>";
		};
		469613D516EC93F6000C9435 /* DetailViewController.xib */ = {
			isa = PBXVariantGroup;
			children = (
				469613D616EC93F6000C9435 /* en */,
			);
			name = DetailViewController.xib;
			sourceTree = "<group>";
		};
/* End PBXVariantGroup section */

/* Begin XCBuildConfiguration section */
		469613D816EC93F6000C9435 /* Debug */ = {
			isa = XCBuildConfiguration;
			buildSettings = {
				ALWAYS_SEARCH_USER_PATHS = NO;
				CLANG_CXX_LANGUAGE_STANDARD = "gnu++0x";
				CLANG_CXX_LIBRARY = "libc++";
				CLANG_ENABLE_OBJC_ARC = YES;
				CLANG_WARN_EMPTY_BODY = YES;
				CLANG_WARN__DUPLICATE_METHOD_MATCH = YES;
				"CODE_SIGN_IDENTITY[sdk=iphoneos*]" = "iPhone Developer";
				COPY_PHASE_STRIP = NO;
				GCC_C_LANGUAGE_STANDARD = gnu99;
				GCC_DYNAMIC_NO_PIC = NO;
				GCC_OPTIMIZATION_LEVEL = 0;
				GCC_PREPROCESSOR_DEFINITIONS = (
					"DEBUG=1",
					"$(inherited)",
				);
				GCC_SYMBOLS_PRIVATE_EXTERN = NO;
				GCC_WARN_ABOUT_RETURN_TYPE = YES;
				GCC_WARN_UNINITIALIZED_AUTOS = YES;
				GCC_WARN_UNUSED_VARIABLE = YES;
				IPHONEOS_DEPLOYMENT_TARGET = 6.0;
				SDKROOT = iphoneos;
				TARGETED_DEVICE_FAMILY = 2;
			};
			name = Debug;
		};
		469613D916EC93F6000C9435 /* Release */ = {
			isa = XCBuildConfiguration;
			buildSettings = {
				ALWAYS_SEARCH_USER_PATHS = NO;
				CLANG_CXX_LANGUAGE_STANDARD = "gnu++0x";
				CLANG_CXX_LIBRARY = "libc++";
				CLANG_ENABLE_OBJC_ARC = YES;
				CLANG_WARN_EMPTY_BODY = YES;
				CLANG_WARN__DUPLICATE_METHOD_MATCH = YES;
				"CODE_SIGN_IDENTITY[sdk=iphoneos*]" = "iPhone Developer";
				COPY_PHASE_STRIP = YES;
				GCC_C_LANGUAGE_STANDARD = gnu99;
				GCC_WARN_ABOUT_RETURN_TYPE = YES;
				GCC_WARN_UNINITIALIZED_AUTOS = YES;
				GCC_WARN_UNUSED_VARIABLE = YES;
				IPHONEOS_DEPLOYMENT_TARGET = 6.0;
				OTHER_CFLAGS = "-DNS_BLOCK_ASSERTIONS=1";
				SDKROOT = iphoneos;
				TARGETED_DEVICE_FAMILY = 2;
				VALIDATE_PRODUCT = YES;
			};
			name = Release;
		};
		469613DB16EC93F6000C9435 /* Debug */ = {
			isa = XCBuildConfiguration;
			buildSettings = {
				GCC_PRECOMPILE_PREFIX_HEADER = YES;
				GCC_PREFIX_HEADER = "SplitViewDelmo/SplitViewDelmo-Prefix.pch";
				INFOPLIST_FILE = "SplitViewDelmo/SplitViewDelmo-Info.plist";
				PRODUCT_NAME = "$(TARGET_NAME)";
				WRAPPER_EXTENSION = app;
			};
			name = Debug;
		};
		469613DC16EC93F6000C9435 /* Release */ = {
			isa = XCBuildConfiguration;
			buildSettings = {
				GCC_PRECOMPILE_PREFIX_HEADER = YES;
				GCC_PREFIX_HEADER = "SplitViewDelmo/SplitViewDelmo-Prefix.pch";
				INFOPLIST_FILE = "SplitViewDelmo/SplitViewDelmo-Info.plist";
				PRODUCT_NAME = "$(TARGET_NAME)";
				WRAPPER_EXTENSION = app;
			};
			name = Release;
		};
/* End XCBuildConfiguration section */

/* Begin XCConfigurationList section */
		469613AA16EC93F5000C9435 /* Build configuration list for PBXProject "SplitViewDelmo" */ = {
			isa = XCConfigurationList;
			buildConfigurations = (
				469613D816EC93F6000C9435 /* Debug */,
				469613D916EC93F6000C9435 /* Release */,
			);
			defaultConfigurationIsVisible = 0;
			defaultConfigurationName = Release;
		};
		469613DA16EC93F6000C9435 /* Build configuration list for PBXNativeTarget "SplitViewDelmo" */ = {
			isa = XCConfigurationList;
			buildConfigurations = (
				469613DB16EC93F6000C9435 /* Debug */,
				469613DC16EC93F6000C9435 /* Release */,
			);
			defaultConfigurationIsVisible = 0;
		};
/* End XCConfigurationList section */
	};
	rootObject = 469613A716EC93F5000C9435 /* Project object */;
}
